
Microsoft Visual Studio Solution File, Format Version 12.00
# Visual Studio Version 16
VisualStudioVersion = 16.0.29009.5
MinimumVisualStudioVersion = 10.0.40219.1
Project("{FAE04EC0-301F-11D3-BF4B-00C04F79EFBC}") = "Dateioperationen", "Dateioperationen.csproj", "{D278A51D-BE5C-4103-9B23-3343F2B7BE2F}"
EndProject
Global
	GlobalSection(SolutionConfigurationPlatforms) = preSolution
		Debug|Any CPU = Debug|Any CPU
		Release|Any CPU = Release|Any CPU
	EndGlobalSection
	GlobalSection(ProjectConfigurationPlatforms) = postSolution
		{D278A51D-BE5C-4103-9B23-3343F2B7BE2F}.Debug|Any CPU.ActiveCfg = Debug|Any CPU
		{D278A51D-BE5C-4103-9B23-3343F2B7BE2F}.Debug|Any CPU.Build.0 = Debug|Any CPU
		{D278A51D-BE5C-4103-9B23-3343F2B7BE2F}.Release|Any CPU.ActiveCfg = Release|Any CPU
		{D278A51D-BE5C-4103-9B23-3343F2B7BE2F}.Release|Any CPU.Build.0 = Release|Any CPU
	EndGlobalSection
	GlobalSection(SolutionProperties) = preSolution
		HideSolutionNode = FALSE
	EndGlobalSection
	GlobalSection(ExtensibilityGlobals) = postSolution
		SolutionGuid = {8AA89EB7-CD5E-4722-81A7-33256CB6C71A}
	EndGlobalSection
EndGlobal
