
Microsoft Visual Studio Solution File, Format Version 12.00
# Visual Studio Version 17
VisualStudioVersion = 17.2.32616.157
MinimumVisualStudioVersion = 10.0.40219.1
Project("{FAE04EC0-301F-11D3-BF4B-00C04F79EFBC}") = "Linq", "Linq.csproj", "{9B75E329-4AE5-4A1D-A29B-5DB90C538A62}"
EndProject
Global
	GlobalSection(SolutionConfigurationPlatforms) = preSolution
		Debug|Any CPU = Debug|Any CPU
		Release|Any CPU = Release|Any CPU
	EndGlobalSection
	GlobalSection(ProjectConfigurationPlatforms) = postSolution
		{9B75E329-4AE5-4A1D-A29B-5DB90C538A62}.Debug|Any CPU.ActiveCfg = Debug|Any CPU
		{9B75E329-4AE5-4A1D-A29B-5DB90C538A62}.Debug|Any CPU.Build.0 = Debug|Any CPU
		{9B75E329-4AE5-4A1D-A29B-5DB90C538A62}.Release|Any CPU.ActiveCfg = Release|Any CPU
		{9B75E329-4AE5-4A1D-A29B-5DB90C538A62}.Release|Any CPU.Build.0 = Release|Any CPU
	EndGlobalSection
	GlobalSection(SolutionProperties) = preSolution
		HideSolutionNode = FALSE
	EndGlobalSection
	GlobalSection(ExtensibilityGlobals) = postSolution
		SolutionGuid = {ABEB2BBC-84CF-46BC-B8F6-110B13614688}
	EndGlobalSection
EndGlobal
