
Microsoft Visual Studio Solution File, Format Version 12.00
# Visual Studio Version 17
VisualStudioVersion = 17.11.35327.3
MinimumVisualStudioVersion = 10.0.40219.1
Project("{9A19103F-16F7-4668-BE54-9A1E7A4F7556}") = "Medienverwaltung Aufgabe 4", "Medienverwaltung Aufgabe 4.csproj", "{C5CA47BB-B73B-456C-86F2-341F6192BBC7}"
EndProject
Global
	GlobalSection(SolutionConfigurationPlatforms) = preSolution
		Debug|Any CPU = Debug|Any CPU
		Release|Any CPU = Release|Any CPU
	EndGlobalSection
	GlobalSection(ProjectConfigurationPlatforms) = postSolution
		{C5CA47BB-B73B-456C-86F2-341F6192BBC7}.Debug|Any CPU.ActiveCfg = Debug|Any CPU
		{C5CA47BB-B73B-456C-86F2-341F6192BBC7}.Debug|Any CPU.Build.0 = Debug|Any CPU
		{C5CA47BB-B73B-456C-86F2-341F6192BBC7}.Release|Any CPU.ActiveCfg = Release|Any CPU
		{C5CA47BB-B73B-456C-86F2-341F6192BBC7}.Release|Any CPU.Build.0 = Release|Any CPU
	EndGlobalSection
	GlobalSection(SolutionProperties) = preSolution
		HideSolutionNode = FALSE
	EndGlobalSection
	GlobalSection(ExtensibilityGlobals) = postSolution
		SolutionGuid = {A51282E5-274F-4929-B60B-0EEEF9FD3FBD}
	EndGlobalSection
EndGlobal
