
Microsoft Visual Studio Solution File, Format Version 12.00
# Visual Studio Version 16
VisualStudioVersion = 16.0.28803.156
MinimumVisualStudioVersion = 10.0.40219.1
Project("{FAE04EC0-301F-11D3-BF4B-00C04F79EFBC}") = "Wetterstation", "Wetterstation.csproj", "{097DE5DB-2E9B-491F-960B-116BCED08786}"
EndProject
Global
	GlobalSection(SolutionConfigurationPlatforms) = preSolution
		Debug|Any CPU = Debug|Any CPU
		Release|Any CPU = Release|Any CPU
	EndGlobalSection
	GlobalSection(ProjectConfigurationPlatforms) = postSolution
		{097DE5DB-2E9B-491F-960B-116BCED08786}.Debug|Any CPU.ActiveCfg = Debug|Any CPU
		{097DE5DB-2E9B-491F-960B-116BCED08786}.Debug|Any CPU.Build.0 = Debug|Any CPU
		{097DE5DB-2E9B-491F-960B-116BCED08786}.Release|Any CPU.ActiveCfg = Release|Any CPU
		{097DE5DB-2E9B-491F-960B-116BCED08786}.Release|Any CPU.Build.0 = Release|Any CPU
	EndGlobalSection
	GlobalSection(SolutionProperties) = preSolution
		HideSolutionNode = FALSE
	EndGlobalSection
	GlobalSection(ExtensibilityGlobals) = postSolution
		SolutionGuid = {5C3636E9-E4DF-41C9-A65C-AC59011F6946}
	EndGlobalSection
EndGlobal
